// !$*UTF8*$!
{
	archiveVersion = 1;
	classes = {
	};
	objectVersion = 46;
	objects = {

/* Begin PBXBuildFile section */
		0C3972261D6401B600FEB5BD /* main.m in Sources */ = {isa = PBXBuildFile; fileRef = 0C3972251D6401B600FEB5BD /* main.m */; };
		0C3972291D6401B600FEB5BD /* AppDelegate.m in Sources */ = {isa = PBXBuildFile; fileRef = 0C3972281D6401B600FEB5BD /* AppDelegate.m */; };
		0C39722C1D6401B600FEB5BD /* ViewController.m in Sources */ = {isa = PBXBuildFile; fileRef = 0C39722B1D6401B600FEB5BD /* ViewController.m */; };
		0C39722F1D6401B600FEB5BD /* Main.storyboard in Resources */ = {isa = PBXBuildFile; fileRef = 0C39722D1D6401B600FEB5BD /* Main.storyboard */; };
		0C3972311D6401B600FEB5BD /* Assets.xcassets in Resources */ = {isa = PBXBuildFile; fileRef = 0C3972301D6401B600FEB5BD /* Assets.xcassets */; };
		0C3972341D6401B600FEB5BD /* LaunchScreen.storyboard in Resources */ = {isa = PBXBuildFile; fileRef = 0C3972321D6401B600FEB5BD /* LaunchScreen.storyboard */; };
		0C39723E1D64084600FEB5BD /* YXTabView.m in Sources */ = {isa = PBXBuildFile; fileRef = 0C39723D1D64084600FEB5BD /* YXTabView.m */; };
		0C3972441D64312000FEB5BD /* MainTableView.m in Sources */ = {isa = PBXBuildFile; fileRef = 0C3972431D64312000FEB5BD /* MainTableView.m */; };
/* End PBXBuildFile section */

/* Begin PBXFileReference section */
		0C3972211D6401B600FEB5BD /* demo_商品详情.app */ = {isa = PBXFileReference; explicitFileType = wrapper.application; includeInIndex = 0; path = "demo_商品详情.app"; sourceTree = BUILT_PRODUCTS_DIR; };
		0C3972251D6401B600FEB5BD /* main.m */ = {isa = PBXFileReference; lastKnownFileType = sourcecode.c.objc; path = main.m; sourceTree = "<group>"; };
		0C3972271D6401B600FEB5BD /* AppDelegate.h */ = {isa = PBXFileReference; lastKnownFileType = sourcecode.c.h; path = AppDelegate.h; sourceTree = "<group>"; };
		0C3972281D6401B600FEB5BD /* AppDelegate.m */ = {isa = PBXFileReference; lastKnownFileType = sourcecode.c.objc; path = AppDelegate.m; sourceTree = "<group>"; };
		0C39722A1D6401B600FEB5BD /* ViewController.h */ = {isa = PBXFileReference; lastKnownFileType = sourcecode.c.h; path = ViewController.h; sourceTree = "<group>"; };
		0C39722B1D6401B600FEB5BD /* ViewController.m */ = {isa = PBXFileReference; lastKnownFileType = sourcecode.c.objc; path = ViewController.m; sourceTree = "<group>"; };
		0C39722E1D6401B600FEB5BD /* Base */ = {isa = PBXFileReference; lastKnownFileType = file.storyboard; name = Base; path = Base.lproj/Main.storyboard; sourceTree = "<group>"; };
		0C3972301D6401B600FEB5BD /* Assets.xcassets */ = {isa = PBXFileReference; lastKnownFileType = folder.assetcatalog; path = Assets.xcassets; sourceTree = "<group>"; };
		0C3972331D6401B600FEB5BD /* Base */ = {isa = PBXFileReference; lastKnownFileType = file.storyboard; name = Base; path = Base.lproj/LaunchScreen.storyboard; sourceTree = "<group>"; };
		0C3972351D6401B600FEB5BD /* Info.plist */ = {isa = PBXFileReference; lastKnownFileType = text.plist.xml; path = Info.plist; sourceTree = "<group>"; };
		0C39723B1D6401D200FEB5BD /* YX.h */ = {isa = PBXFileReference; fileEncoding = 4; lastKnownFileType = sourcecode.c.h; path = YX.h; sourceTree = "<group>"; };
		0C39723C1D64084600FEB5BD /* YXTabView.h */ = {isa = PBXFileReference; fileEncoding = 4; lastKnownFileType = sourcecode.c.h; path = YXTabView.h; sourceTree = "<group>"; };
		0C39723D1D64084600FEB5BD /* YXTabView.m */ = {isa = PBXFileReference; fileEncoding = 4; lastKnownFileType = sourcecode.c.objc; path = YXTabView.m; sourceTree = "<group>"; };
		0C3972421D64312000FEB5BD /* MainTableView.h */ = {isa = PBXFileReference; fileEncoding = 4; lastKnownFileType = sourcecode.c.h; path = MainTableView.h; sourceTree = "<group>"; };
		0C3972431D64312000FEB5BD /* MainTableView.m */ = {isa = PBXFileReference; fileEncoding = 4; lastKnownFileType = sourcecode.c.objc; path = MainTableView.m; sourceTree = "<group>"; };
/* End PBXFileReference section */

/* Begin PBXFrameworksBuildPhase section */
		0C39721E1D6401B600FEB5BD /* Frameworks */ = {
			isa = PBXFrameworksBuildPhase;
			buildActionMask = 2147483647;
			files = (
			);
			runOnlyForDeploymentPostprocessing = 0;
		};
/* End PBXFrameworksBuildPhase section */

/* Begin PBXGroup section */
		0C3972181D6401B600FEB5BD = {
			isa = PBXGroup;
			children = (
				0C3972231D6401B600FEB5BD /* demo_商品详情 */,
				0C3972221D6401B600FEB5BD /* Products */,
			);
			sourceTree = "<group>";
		};
		0C3972221D6401B600FEB5BD /* Products */ = {
			isa = PBXGroup;
			children = (
				0C3972211D6401B600FEB5BD /* demo_商品详情.app */,
			);
			name = Products;
			sourceTree = "<group>";
		};
		0C3972231D6401B600FEB5BD /* demo_商品详情 */ = {
			isa = PBXGroup;
			children = (
				0C3972271D6401B600FEB5BD /* AppDelegate.h */,
				0C3972281D6401B600FEB5BD /* AppDelegate.m */,
				0C39723B1D6401D200FEB5BD /* YX.h */,
				0C39723C1D64084600FEB5BD /* YXTabView.h */,
				0C39723D1D64084600FEB5BD /* YXTabView.m */,
				0C3972421D64312000FEB5BD /* MainTableView.h */,
				0C3972431D64312000FEB5BD /* MainTableView.m */,
				0C39722A1D6401B600FEB5BD /* ViewController.h */,
				0C39722B1D6401B600FEB5BD /* ViewController.m */,
				0C39722D1D6401B600FEB5BD /* Main.storyboard */,
				0C3972301D6401B600FEB5BD /* Assets.xcassets */,
				0C3972321D6401B600FEB5BD /* LaunchScreen.storyboard */,
				0C3972351D6401B600FEB5BD /* Info.plist */,
				0C3972241D6401B600FEB5BD /* Supporting Files */,
			);
			path = "demo_商品详情";
			sourceTree = "<group>";
		};
		0C3972241D6401B600FEB5BD /* Supporting Files */ = {
			isa = PBXGroup;
			children = (
				0C3972251D6401B600FEB5BD /* main.m */,
			);
			name = "Supporting Files";
			sourceTree = "<group>";
		};
/* End PBXGroup section */

/* Begin PBXNativeTarget section */
		0C3972201D6401B600FEB5BD /* demo_商品详情 */ = {
			isa = PBXNativeTarget;
			buildConfigurationList = 0C3972381D6401B600FEB5BD /* Build configuration list for PBXNativeTarget "demo_商品详情" */;
			buildPhases = (
				0C39721D1D6401B600FEB5BD /* Sources */,
				0C39721E1D6401B600FEB5BD /* Frameworks */,
				0C39721F1D6401B600FEB5BD /* Resources */,
			);
			buildRules = (
			);
			dependencies = (
			);
			name = "demo_商品详情";
			productName = "demo_商品详情";
			productReference = 0C3972211D6401B600FEB5BD /* demo_商品详情.app */;
			productType = "com.apple.product-type.application";
		};
/* End PBXNativeTarget section */

/* Begin PBXProject section */
		0C3972191D6401B600FEB5BD /* Project object */ = {
			isa = PBXProject;
			attributes = {
				LastUpgradeCheck = 0730;
				ORGANIZATIONNAME = zhangjiahuan;
				TargetAttributes = {
					0C3972201D6401B600FEB5BD = {
						CreatedOnToolsVersion = 7.3.1;
						DevelopmentTeam = 7REGPTFXBR;
					};
				};
			};
			buildConfigurationList = 0C39721C1D6401B600FEB5BD /* Build configuration list for PBXProject "demo_商品详情" */;
			compatibilityVersion = "Xcode 3.2";
			developmentRegion = English;
			hasScannedForEncodings = 0;
			knownRegions = (
				en,
				Base,
			);
			mainGroup = 0C3972181D6401B600FEB5BD;
			productRefGroup = 0C3972221D6401B600FEB5BD /* Products */;
			projectDirPath = "";
			projectRoot = "";
			targets = (
				0C3972201D6401B600FEB5BD /* demo_商品详情 */,
			);
		};
/* End PBXProject section */

/* Begin PBXResourcesBuildPhase section */
		0C39721F1D6401B600FEB5BD /* Resources */ = {
			isa = PBXResourcesBuildPhase;
			buildActionMask = 2147483647;
			files = (
				0C3972341D6401B600FEB5BD /* LaunchScreen.storyboard in Resources */,
				0C3972311D6401B600FEB5BD /* Assets.xcassets in Resources */,
				0C39722F1D6401B600FEB5BD /* Main.storyboard in Resources */,
			);
			runOnlyForDeploymentPostprocessing = 0;
		};
/* End PBXResourcesBuildPhase section */

/* Begin PBXSourcesBuildPhase section */
		0C39721D1D6401B600FEB5BD /* Sources */ = {
			isa = PBXSourcesBuildPhase;
			buildActionMask = 2147483647;
			files = (
				0C39722C1D6401B600FEB5BD /* ViewController.m in Sources */,
				0C39723E1D64084600FEB5BD /* YXTabView.m in Sources */,
				0C3972441D64312000FEB5BD /* MainTableView.m in Sources */,
				0C3972291D6401B600FEB5BD /* AppDelegate.m in Sources */,
				0C3972261D6401B600FEB5BD /* main.m in Sources */,
			);
			runOnlyForDeploymentPostprocessing = 0;
		};
/* End PBXSourcesBuildPhase section */

/* Begin PBXVariantGroup section */
		0C39722D1D6401B600FEB5BD /* Main.storyboard */ = {
			isa = PBXVariantGroup;
			children = (
				0C39722E1D6401B600FEB5BD /* Base */,
			);
			name = Main.storyboard;
			sourceTree = "<group>";
		};
		0C3972321D6401B600FEB5BD /* LaunchScreen.storyboard */ = {
			isa = PBXVariantGroup;
			children = (
				0C3972331D6401B600FEB5BD /* Base */,
			);
			name = LaunchScreen.storyboard;
			sourceTree = "<group>";
		};
/* End PBXVariantGroup section */

/* Begin XCBuildConfiguration section */
		0C3972361D6401B600FEB5BD /* Debug */ = {
			isa = XCBuildConfiguration;
			buildSettings = {
				ALWAYS_SEARCH_USER_PATHS = NO;
				CLANG_ANALYZER_NONNULL = YES;
				CLANG_CXX_LANGUAGE_STANDARD = "gnu++0x";
				CLANG_CXX_LIBRARY = "libc++";
				CLANG_ENABLE_MODULES = YES;
				CLANG_ENABLE_OBJC_ARC = YES;
				CLANG_WARN_BOOL_CONVERSION = YES;
				CLANG_WARN_CONSTANT_CONVERSION = YES;
				CLANG_WARN_DIRECT_OBJC_ISA_USAGE = YES_ERROR;
				CLANG_WARN_EMPTY_BODY = YES;
				CLANG_WARN_ENUM_CONVERSION = YES;
				CLANG_WARN_INT_CONVERSION = YES;
				CLANG_WARN_OBJC_ROOT_CLASS = YES_ERROR;
				CLANG_WARN_UNREACHABLE_CODE = YES;
				CLANG_WARN__DUPLICATE_METHOD_MATCH = YES;
				"CODE_SIGN_IDENTITY[sdk=iphoneos*]" = "iPhone Developer";
				COPY_PHASE_STRIP = NO;
				DEBUG_INFORMATION_FORMAT = dwarf;
				ENABLE_STRICT_OBJC_MSGSEND = YES;
				ENABLE_TESTABILITY = YES;
				GCC_C_LANGUAGE_STANDARD = gnu99;
				GCC_DYNAMIC_NO_PIC = NO;
				GCC_NO_COMMON_BLOCKS = YES;
				GCC_OPTIMIZATION_LEVEL = 0;
				GCC_PREPROCESSOR_DEFINITIONS = (
					"DEBUG=1",
					"$(inherited)",
				);
				GCC_WARN_64_TO_32_BIT_CONVERSION = YES;
				GCC_WARN_ABOUT_RETURN_TYPE = YES_ERROR;
				GCC_WARN_UNDECLARED_SELECTOR = YES;
				GCC_WARN_UNINITIALIZED_AUTOS = YES_AGGRESSIVE;
				GCC_WARN_UNUSED_FUNCTION = YES;
				GCC_WARN_UNUSED_VARIABLE = YES;
				IPHONEOS_DEPLOYMENT_TARGET = 9.3;
				MTL_ENABLE_DEBUG_INFO = YES;
				ONLY_ACTIVE_ARCH = YES;
				SDKROOT = iphoneos;
			};
			name = Debug;
		};
		0C3972371D6401B600FEB5BD /* Release */ = {
			isa = XCBuildConfiguration;
			buildSettings = {
				ALWAYS_SEARCH_USER_PATHS = NO;
				CLANG_ANALYZER_NONNULL = YES;
				CLANG_CXX_LANGUAGE_STANDARD = "gnu++0x";
				CLANG_CXX_LIBRARY = "libc++";
				CLANG_ENABLE_MODULES = YES;
				CLANG_ENABLE_OBJC_ARC = YES;
				CLANG_WARN_BOOL_CONVERSION = YES;
				CLANG_WARN_CONSTANT_CONVERSION = YES;
				CLANG_WARN_DIRECT_OBJC_ISA_USAGE = YES_ERROR;
				CLANG_WARN_EMPTY_BODY = YES;
				CLANG_WARN_ENUM_CONVERSION = YES;
				CLANG_WARN_INT_CONVERSION = YES;
				CLANG_WARN_OBJC_ROOT_CLASS = YES_ERROR;
				CLANG_WARN_UNREACHABLE_CODE = YES;
				CLANG_WARN__DUPLICATE_METHOD_MATCH = YES;
				"CODE_SIGN_IDENTITY[sdk=iphoneos*]" = "iPhone Developer";
				COPY_PHASE_STRIP = NO;
				DEBUG_INFORMATION_FORMAT = "dwarf-with-dsym";
				ENABLE_NS_ASSERTIONS = NO;
				ENABLE_STRICT_OBJC_MSGSEND = YES;
				GCC_C_LANGUAGE_STANDARD = gnu99;
				GCC_NO_COMMON_BLOCKS = YES;
				GCC_WARN_64_TO_32_BIT_CONVERSION = YES;
				GCC_WARN_ABOUT_RETURN_TYPE = YES_ERROR;
				GCC_WARN_UNDECLARED_SELECTOR = YES;
				GCC_WARN_UNINITIALIZED_AUTOS = YES_AGGRESSIVE;
				GCC_WARN_UNUSED_FUNCTION = YES;
				GCC_WARN_UNUSED_VARIABLE = YES;
				IPHONEOS_DEPLOYMENT_TARGET = 9.3;
				MTL_ENABLE_DEBUG_INFO = NO;
				SDKROOT = iphoneos;
				VALIDATE_PRODUCT = YES;
			};
			name = Release;
		};
		0C3972391D6401B600FEB5BD /* Debug */ = {
			isa = XCBuildConfiguration;
			buildSettings = {
				ASSETCATALOG_COMPILER_APPICON_NAME = AppIcon;
				DEVELOPMENT_TEAM = 7REGPTFXBR;
				INFOPLIST_FILE = "demo_商品详情/Info.plist";
				LD_RUNPATH_SEARCH_PATHS = "$(inherited) @executable_path/Frameworks";
				PRODUCT_BUNDLE_IDENTIFIER = "com.zhangjiahuan.demo-----";
				PRODUCT_NAME = "$(TARGET_NAME)";
			};
			name = Debug;
		};
		0C39723A1D6401B600FEB5BD /* Release */ = {
			isa = XCBuildConfiguration;
			buildSettings = {
				ASSETCATALOG_COMPILER_APPICON_NAME = AppIcon;
				DEVELOPMENT_TEAM = 7REGPTFXBR;
				INFOPLIST_FILE = "demo_商品详情/Info.plist";
				LD_RUNPATH_SEARCH_PATHS = "$(inherited) @executable_path/Frameworks";
				PRODUCT_BUNDLE_IDENTIFIER = "com.zhangjiahuan.demo-----";
				PRODUCT_NAME = "$(TARGET_NAME)";
			};
			name = Release;
		};
/* End XCBuildConfiguration section */

/* Begin XCConfigurationList section */
		0C39721C1D6401B600FEB5BD /* Build configuration list for PBXProject "demo_商品详情" */ = {
			isa = XCConfigurationList;
			buildConfigurations = (
				0C3972361D6401B600FEB5BD /* Debug */,
				0C3972371D6401B600FEB5BD /* Release */,
			);
			defaultConfigurationIsVisible = 0;
			defaultConfigurationName = Release;
		};
		0C3972381D6401B600FEB5BD /* Build configuration list for PBXNativeTarget "demo_商品详情" */ = {
			isa = XCConfigurationList;
			buildConfigurations = (
				0C3972391D6401B600FEB5BD /* Debug */,
				0C39723A1D6401B600FEB5BD /* Release */,
			);
			defaultConfigurationIsVisible = 0;
			defaultConfigurationName = Release;
		};
/* End XCConfigurationList section */
	};
	rootObject = 0C3972191D6401B600FEB5BD /* Project object */;
}
